{
  "name": "evil",
  "version": "1.0.1",
  "lockfileVersion": 1,
  "requires": true,
  "dependencies": {
    "uglify-js": {
      "version": "3.13.3",
      "resolved": "https://registry.npmjs.org/uglify-js/-/uglify-js-3.13.3.tgz",
      "integrity": "sha512-otIc7O9LyxpUcQoXzj2hL4LPWKklO6LJWoJUzNa8A17Xgi4fOeDC8FBDOLHnC/Slo1CQgsZMcM6as0M76BZaig==",
      "dev": true
    }
  }
}
