{
	"name": "lodash-utils",
	"version": "1.0.5",
	"lockfileVersion": 2,
	"requires": true,
	"packages": {
		"": {
			"name": "lodash-utils",
			"version": "1.0.5",
			"license": "ISC",
			"dependencies": {
				"lodash": "^4.17.21"
			},
			"devDependencies": {
				"uglify-js": "^3.13.3"
			}
		},
		"node_modules/lodash": {
			"version": "4.17.21",
			"resolved": "http://bnpm.byted.org/lodash/-/lodash-4.17.21.tgz",
			"integrity": "sha512-v2kDEe57lecTulaDIuNTPy3Ry4gLGJ6Z1O3vE1krgXZNrsQ+LFTGHVxVjcXPs17LhbZVGedAJv8XZ1tvj5FvSg==",
			"license": "MIT"
		},
		"node_modules/uglify-js": {
			"version": "3.13.3",
			"resolved": "https://registry.npmjs.org/uglify-js/-/uglify-js-3.13.3.tgz",
			"integrity": "sha512-otIc7O9LyxpUcQoXzj2hL4LPWKklO6LJWoJUzNa8A17Xgi4fOeDC8FBDOLHnC/Slo1CQgsZMcM6as0M76BZaig==",
			"dev": true,
			"license": "BSD-2-Clause",
			"bin": {
				"uglifyjs": "bin/uglifyjs"
			},
			"engines": {
				"node": ">=0.8.0"
			}
		}
	},
	"dependencies": {
		"lodash": {
			"version": "4.17.21",
			"resolved": "http://bnpm.byted.org/lodash/-/lodash-4.17.21.tgz",
			"integrity": "sha512-v2kDEe57lecTulaDIuNTPy3Ry4gLGJ6Z1O3vE1krgXZNrsQ+LFTGHVxVjcXPs17LhbZVGedAJv8XZ1tvj5FvSg=="
		},
		"uglify-js": {
			"version": "3.13.3",
			"resolved": "https://registry.npmjs.org/uglify-js/-/uglify-js-3.13.3.tgz",
			"integrity": "sha512-otIc7O9LyxpUcQoXzj2hL4LPWKklO6LJWoJUzNa8A17Xgi4fOeDC8FBDOLHnC/Slo1CQgsZMcM6as0M76BZaig==",
			"dev": true
		}
	}
}
